
Microsoft Visual Studio Solution File, Format Version 12.00
# Visual Studio Version 16
VisualStudioVersion = 16.0.30114.105
MinimumVisualStudioVersion = 10.0.40219.1
Project("{FAE04EC0-301F-11D3-BF4B-00C04F79EFBC}") = "ProEventos.Application", "ProEventos.Application\ProEventos.Application.csproj", "{336D71F3-B152-440C-A9B0-882427E74A0E}"
EndProject
Project("{FAE04EC0-301F-11D3-BF4B-00C04F79EFBC}") = "ProEventos.Domain", "ProEventos.Domain\ProEventos.Domain.csproj", "{FF59E584-B491-4DD5-8186-C8729005C122}"
EndProject
Project("{FAE04EC0-301F-11D3-BF4B-00C04F79EFBC}") = "ProEventos.API", "ProEventos.API\ProEventos.API.csproj", "{3C8BFADD-D3A6-47D2-8AD6-42FEE8EF696A}"
EndProject
Project("{FAE04EC0-301F-11D3-BF4B-00C04F79EFBC}") = "ProEventos.Persistence", "ProEventos.Persistence\ProEventos.Persistence.csproj", "{74531101-71BD-4F2D-A951-27F3CD99B9ED}"
EndProject
Global
	GlobalSection(SolutionConfigurationPlatforms) = preSolution
		Debug|Any CPU = Debug|Any CPU
		Debug|x64 = Debug|x64
		Debug|x86 = Debug|x86
		Release|Any CPU = Release|Any CPU
		Release|x64 = Release|x64
		Release|x86 = Release|x86
	EndGlobalSection
	GlobalSection(SolutionProperties) = preSolution
		HideSolutionNode = FALSE
	EndGlobalSection
	GlobalSection(ProjectConfigurationPlatforms) = postSolution
		{336D71F3-B152-440C-A9B0-882427E74A0E}.Debug|Any CPU.ActiveCfg = Debug|Any CPU
		{336D71F3-B152-440C-A9B0-882427E74A0E}.Debug|Any CPU.Build.0 = Debug|Any CPU
		{336D71F3-B152-440C-A9B0-882427E74A0E}.Debug|x64.ActiveCfg = Debug|Any CPU
		{336D71F3-B152-440C-A9B0-882427E74A0E}.Debug|x64.Build.0 = Debug|Any CPU
		{336D71F3-B152-440C-A9B0-882427E74A0E}.Debug|x86.ActiveCfg = Debug|Any CPU
		{336D71F3-B152-440C-A9B0-882427E74A0E}.Debug|x86.Build.0 = Debug|Any CPU
		{336D71F3-B152-440C-A9B0-882427E74A0E}.Release|Any CPU.ActiveCfg = Release|Any CPU
		{336D71F3-B152-440C-A9B0-882427E74A0E}.Release|Any CPU.Build.0 = Release|Any CPU
		{336D71F3-B152-440C-A9B0-882427E74A0E}.Release|x64.ActiveCfg = Release|Any CPU
		{336D71F3-B152-440C-A9B0-882427E74A0E}.Release|x64.Build.0 = Release|Any CPU
		{336D71F3-B152-440C-A9B0-882427E74A0E}.Release|x86.ActiveCfg = Release|Any CPU
		{336D71F3-B152-440C-A9B0-882427E74A0E}.Release|x86.Build.0 = Release|Any CPU
		{FF59E584-B491-4DD5-8186-C8729005C122}.Debug|Any CPU.ActiveCfg = Debug|Any CPU
		{FF59E584-B491-4DD5-8186-C8729005C122}.Debug|Any CPU.Build.0 = Debug|Any CPU
		{FF59E584-B491-4DD5-8186-C8729005C122}.Debug|x64.ActiveCfg = Debug|Any CPU
		{FF59E584-B491-4DD5-8186-C8729005C122}.Debug|x64.Build.0 = Debug|Any CPU
		{FF59E584-B491-4DD5-8186-C8729005C122}.Debug|x86.ActiveCfg = Debug|Any CPU
		{FF59E584-B491-4DD5-8186-C8729005C122}.Debug|x86.Build.0 = Debug|Any CPU
		{FF59E584-B491-4DD5-8186-C8729005C122}.Release|Any CPU.ActiveCfg = Release|Any CPU
		{FF59E584-B491-4DD5-8186-C8729005C122}.Release|Any CPU.Build.0 = Release|Any CPU
		{FF59E584-B491-4DD5-8186-C8729005C122}.Release|x64.ActiveCfg = Release|Any CPU
		{FF59E584-B491-4DD5-8186-C8729005C122}.Release|x64.Build.0 = Release|Any CPU
		{FF59E584-B491-4DD5-8186-C8729005C122}.Release|x86.ActiveCfg = Release|Any CPU
		{FF59E584-B491-4DD5-8186-C8729005C122}.Release|x86.Build.0 = Release|Any CPU
		{3C8BFADD-D3A6-47D2-8AD6-42FEE8EF696A}.Debug|Any CPU.ActiveCfg = Debug|Any CPU
		{3C8BFADD-D3A6-47D2-8AD6-42FEE8EF696A}.Debug|Any CPU.Build.0 = Debug|Any CPU
		{3C8BFADD-D3A6-47D2-8AD6-42FEE8EF696A}.Debug|x64.ActiveCfg = Debug|Any CPU
		{3C8BFADD-D3A6-47D2-8AD6-42FEE8EF696A}.Debug|x64.Build.0 = Debug|Any CPU
		{3C8BFADD-D3A6-47D2-8AD6-42FEE8EF696A}.Debug|x86.ActiveCfg = Debug|Any CPU
		{3C8BFADD-D3A6-47D2-8AD6-42FEE8EF696A}.Debug|x86.Build.0 = Debug|Any CPU
		{3C8BFADD-D3A6-47D2-8AD6-42FEE8EF696A}.Release|Any CPU.ActiveCfg = Release|Any CPU
		{3C8BFADD-D3A6-47D2-8AD6-42FEE8EF696A}.Release|Any CPU.Build.0 = Release|Any CPU
		{3C8BFADD-D3A6-47D2-8AD6-42FEE8EF696A}.Release|x64.ActiveCfg = Release|Any CPU
		{3C8BFADD-D3A6-47D2-8AD6-42FEE8EF696A}.Release|x64.Build.0 = Release|Any CPU
		{3C8BFADD-D3A6-47D2-8AD6-42FEE8EF696A}.Release|x86.ActiveCfg = Release|Any CPU
		{3C8BFADD-D3A6-47D2-8AD6-42FEE8EF696A}.Release|x86.Build.0 = Release|Any CPU
		{74531101-71BD-4F2D-A951-27F3CD99B9ED}.Debug|Any CPU.ActiveCfg = Debug|Any CPU
		{74531101-71BD-4F2D-A951-27F3CD99B9ED}.Debug|Any CPU.Build.0 = Debug|Any CPU
		{74531101-71BD-4F2D-A951-27F3CD99B9ED}.Debug|x64.ActiveCfg = Debug|Any CPU
		{74531101-71BD-4F2D-A951-27F3CD99B9ED}.Debug|x64.Build.0 = Debug|Any CPU
		{74531101-71BD-4F2D-A951-27F3CD99B9ED}.Debug|x86.ActiveCfg = Debug|Any CPU
		{74531101-71BD-4F2D-A951-27F3CD99B9ED}.Debug|x86.Build.0 = Debug|Any CPU
		{74531101-71BD-4F2D-A951-27F3CD99B9ED}.Release|Any CPU.ActiveCfg = Release|Any CPU
		{74531101-71BD-4F2D-A951-27F3CD99B9ED}.Release|Any CPU.Build.0 = Release|Any CPU
		{74531101-71BD-4F2D-A951-27F3CD99B9ED}.Release|x64.ActiveCfg = Release|Any CPU
		{74531101-71BD-4F2D-A951-27F3CD99B9ED}.Release|x64.Build.0 = Release|Any CPU
		{74531101-71BD-4F2D-A951-27F3CD99B9ED}.Release|x86.ActiveCfg = Release|Any CPU
		{74531101-71BD-4F2D-A951-27F3CD99B9ED}.Release|x86.Build.0 = Release|Any CPU
	EndGlobalSection
EndGlobal
